// !$*UTF8*$!
{
	archiveVersion = 1;
	classes = {
	};
	objectVersion = 56;
	objects = {

/* Begin PBXBuildFile section */
		D188A6B32B268D06004DF454 /* UIColor.swift in Sources */ = {isa = PBXBuildFile; fileRef = D188A6B22B268D06004DF454 /* UIColor.swift */; };
		D18A665F2B23EDA3006DE95C /* UINavigationBar+Appearance.swift in Sources */ = {isa = PBXBuildFile; fileRef = D18A665E2B23EDA3006DE95C /* UINavigationBar+Appearance.swift */; };
		D18A66622B23EE40006DE95C /* Endpoint.swift in Sources */ = {isa = PBXBuildFile; fileRef = D18A66612B23EE40006DE95C /* Endpoint.swift */; };
		D18A66642B23EE89006DE95C /* NavigationComponent.swift in Sources */ = {isa = PBXBuildFile; fileRef = D18A66632B23EE89006DE95C /* NavigationComponent.swift */; };
		D18D70D82A5B65CD0027862B /* HealthData.swift in Sources */ = {isa = PBXBuildFile; fileRef = D18D70D72A5B65CD0027862B /* HealthData.swift */; };
		D18D70DA2A5B6D920027862B /* DailyHealthData.swift in Sources */ = {isa = PBXBuildFile; fileRef = D18D70D92A5B6D920027862B /* DailyHealthData.swift */; };
		D1B4BFBC2A5B4DB300197685 /* AppDelegate.swift in Sources */ = {isa = PBXBuildFile; fileRef = D1B4BFBB2A5B4DB300197685 /* AppDelegate.swift */; };
		D1B4BFBE2A5B4DB300197685 /* SceneDelegate.swift in Sources */ = {isa = PBXBuildFile; fileRef = D1B4BFBD2A5B4DB300197685 /* SceneDelegate.swift */; };
		D1B4BFC32A5B4DB300197685 /* Main.storyboard in Resources */ = {isa = PBXBuildFile; fileRef = D1B4BFC12A5B4DB300197685 /* Main.storyboard */; };
		D1B4BFC52A5B4DB500197685 /* Assets.xcassets in Resources */ = {isa = PBXBuildFile; fileRef = D1B4BFC42A5B4DB500197685 /* Assets.xcassets */; };
		D1B4BFC82A5B4DB500197685 /* LaunchScreen.storyboard in Resources */ = {isa = PBXBuildFile; fileRef = D1B4BFC62A5B4DB500197685 /* LaunchScreen.storyboard */; };
		D1B4BFD02A5B4DFE00197685 /* ApiService.swift in Sources */ = {isa = PBXBuildFile; fileRef = D1B4BFCF2A5B4DFE00197685 /* ApiService.swift */; };
		D1B4BFD22A5B4E1400197685 /* HealthKitService.swift in Sources */ = {isa = PBXBuildFile; fileRef = D1B4BFD12A5B4E1400197685 /* HealthKitService.swift */; };
		D1E1CDCE2AEEB7C2005FAE25 /* Turbo in Frameworks */ = {isa = PBXBuildFile; productRef = D1E1CDCD2AEEB7C2005FAE25 /* Turbo */; };
		D1E1CDD12AEEB7CC005FAE25 /* Strada in Frameworks */ = {isa = PBXBuildFile; productRef = D1E1CDD02AEEB7CC005FAE25 /* Strada */; };
		D1E1CDD52AEEB88F005FAE25 /* BridgeComponent+App.swift in Sources */ = {isa = PBXBuildFile; fileRef = D1E1CDD42AEEB88F005FAE25 /* BridgeComponent+App.swift */; };
		D1E1CDD72AEEB8A6005FAE25 /* SyncButtonComponent.swift in Sources */ = {isa = PBXBuildFile; fileRef = D1E1CDD62AEEB8A6005FAE25 /* SyncButtonComponent.swift */; };
		D1E1CDDA2AEEB8D1005FAE25 /* Turbo+Configuration.swift in Sources */ = {isa = PBXBuildFile; fileRef = D1E1CDD92AEEB8D1005FAE25 /* Turbo+Configuration.swift */; };
		D1E1CDDC2AEEB8F9005FAE25 /* WebViewController.swift in Sources */ = {isa = PBXBuildFile; fileRef = D1E1CDDB2AEEB8F9005FAE25 /* WebViewController.swift */; };
		D1FFA2DA2B253AF000E07C44 /* KeychainSwift in Frameworks */ = {isa = PBXBuildFile; productRef = D1FFA2D92B253AF000E07C44 /* KeychainSwift */; };
		D1FFA2DC2B253B1E00E07C44 /* TokenComponent.swift in Sources */ = {isa = PBXBuildFile; fileRef = D1FFA2DB2B253B1E00E07C44 /* TokenComponent.swift */; };
/* End PBXBuildFile section */

/* Begin PBXFileReference section */
		D188A6B22B268D06004DF454 /* UIColor.swift */ = {isa = PBXFileReference; lastKnownFileType = sourcecode.swift; path = UIColor.swift; sourceTree = "<group>"; };
		D18A665E2B23EDA3006DE95C /* UINavigationBar+Appearance.swift */ = {isa = PBXFileReference; lastKnownFileType = sourcecode.swift; path = "UINavigationBar+Appearance.swift"; sourceTree = "<group>"; };
		D18A66612B23EE40006DE95C /* Endpoint.swift */ = {isa = PBXFileReference; lastKnownFileType = sourcecode.swift; path = Endpoint.swift; sourceTree = "<group>"; };
		D18A66632B23EE89006DE95C /* NavigationComponent.swift */ = {isa = PBXFileReference; lastKnownFileType = sourcecode.swift; path = NavigationComponent.swift; sourceTree = "<group>"; };
		D18D70D72A5B65CD0027862B /* HealthData.swift */ = {isa = PBXFileReference; lastKnownFileType = sourcecode.swift; path = HealthData.swift; sourceTree = "<group>"; };
		D18D70D92A5B6D920027862B /* DailyHealthData.swift */ = {isa = PBXFileReference; lastKnownFileType = sourcecode.swift; path = DailyHealthData.swift; sourceTree = "<group>"; };
		D1B4BFB82A5B4DB300197685 /* StepStreak-iOS.app */ = {isa = PBXFileReference; explicitFileType = wrapper.application; includeInIndex = 0; path = "StepStreak-iOS.app"; sourceTree = BUILT_PRODUCTS_DIR; };
		D1B4BFBB2A5B4DB300197685 /* AppDelegate.swift */ = {isa = PBXFileReference; lastKnownFileType = sourcecode.swift; path = AppDelegate.swift; sourceTree = "<group>"; };
		D1B4BFBD2A5B4DB300197685 /* SceneDelegate.swift */ = {isa = PBXFileReference; lastKnownFileType = sourcecode.swift; path = SceneDelegate.swift; sourceTree = "<group>"; };
		D1B4BFC22A5B4DB300197685 /* Base */ = {isa = PBXFileReference; lastKnownFileType = file.storyboard; name = Base; path = Base.lproj/Main.storyboard; sourceTree = "<group>"; };
		D1B4BFC42A5B4DB500197685 /* Assets.xcassets */ = {isa = PBXFileReference; lastKnownFileType = folder.assetcatalog; path = Assets.xcassets; sourceTree = "<group>"; };
		D1B4BFC72A5B4DB500197685 /* Base */ = {isa = PBXFileReference; lastKnownFileType = file.storyboard; name = Base; path = Base.lproj/LaunchScreen.storyboard; sourceTree = "<group>"; };
		D1B4BFC92A5B4DB500197685 /* Info.plist */ = {isa = PBXFileReference; lastKnownFileType = text.plist.xml; path = Info.plist; sourceTree = "<group>"; };
		D1B4BFCF2A5B4DFE00197685 /* ApiService.swift */ = {isa = PBXFileReference; lastKnownFileType = sourcecode.swift; path = ApiService.swift; sourceTree = "<group>"; };
		D1B4BFD12A5B4E1400197685 /* HealthKitService.swift */ = {isa = PBXFileReference; lastKnownFileType = sourcecode.swift; path = HealthKitService.swift; sourceTree = "<group>"; };
		D1B4BFD32A5B508800197685 /* StepStreak-iOS.entitlements */ = {isa = PBXFileReference; lastKnownFileType = text.plist.entitlements; path = "StepStreak-iOS.entitlements"; sourceTree = "<group>"; };
		D1E1CDD42AEEB88F005FAE25 /* BridgeComponent+App.swift */ = {isa = PBXFileReference; lastKnownFileType = sourcecode.swift; path = "BridgeComponent+App.swift"; sourceTree = "<group>"; };
		D1E1CDD62AEEB8A6005FAE25 /* SyncButtonComponent.swift */ = {isa = PBXFileReference; lastKnownFileType = sourcecode.swift; path = SyncButtonComponent.swift; sourceTree = "<group>"; };
		D1E1CDD92AEEB8D1005FAE25 /* Turbo+Configuration.swift */ = {isa = PBXFileReference; lastKnownFileType = sourcecode.swift; path = "Turbo+Configuration.swift"; sourceTree = "<group>"; };
		D1E1CDDB2AEEB8F9005FAE25 /* WebViewController.swift */ = {isa = PBXFileReference; lastKnownFileType = sourcecode.swift; path = WebViewController.swift; sourceTree = "<group>"; };
		D1FFA2DB2B253B1E00E07C44 /* TokenComponent.swift */ = {isa = PBXFileReference; lastKnownFileType = sourcecode.swift; path = TokenComponent.swift; sourceTree = "<group>"; };
/* End PBXFileReference section */

/* Begin PBXFrameworksBuildPhase section */
		D1B4BFB52A5B4DB300197685 /* Frameworks */ = {
			isa = PBXFrameworksBuildPhase;
			buildActionMask = 2147483647;
			files = (
				D1FFA2DA2B253AF000E07C44 /* KeychainSwift in Frameworks */,
				D1E1CDCE2AEEB7C2005FAE25 /* Turbo in Frameworks */,
				D1E1CDD12AEEB7CC005FAE25 /* Strada in Frameworks */,
			);
			runOnlyForDeploymentPostprocessing = 0;
		};
/* End PBXFrameworksBuildPhase section */

/* Begin PBXGroup section */
		D18A665D2B23ED3D006DE95C /* Extensions */ = {
			isa = PBXGroup;
			children = (
				D1E1CDD92AEEB8D1005FAE25 /* Turbo+Configuration.swift */,
				D18A665E2B23EDA3006DE95C /* UINavigationBar+Appearance.swift */,
				D188A6B22B268D06004DF454 /* UIColor.swift */,
			);
			path = Extensions;
			sourceTree = "<group>";
		};
		D18A66602B23EE38006DE95C /* Configuration */ = {
			isa = PBXGroup;
			children = (
				D18A66612B23EE40006DE95C /* Endpoint.swift */,
			);
			path = Configuration;
			sourceTree = "<group>";
		};
		D1B4BFAF2A5B4DB300197685 = {
			isa = PBXGroup;
			children = (
				D1B4BFBA2A5B4DB300197685 /* StepStreak-iOS */,
				D1B4BFB92A5B4DB300197685 /* Products */,
			);
			sourceTree = "<group>";
		};
		D1B4BFB92A5B4DB300197685 /* Products */ = {
			isa = PBXGroup;
			children = (
				D1B4BFB82A5B4DB300197685 /* StepStreak-iOS.app */,
			);
			name = Products;
			sourceTree = "<group>";
		};
		D1B4BFBA2A5B4DB300197685 /* StepStreak-iOS */ = {
			isa = PBXGroup;
			children = (
				D18A66602B23EE38006DE95C /* Configuration */,
				D18A665D2B23ED3D006DE95C /* Extensions */,
				D1E1CDD32AEEB86A005FAE25 /* Strada */,
				D1B4BFD32A5B508800197685 /* StepStreak-iOS.entitlements */,
				D1B4BFBB2A5B4DB300197685 /* AppDelegate.swift */,
				D1B4BFBD2A5B4DB300197685 /* SceneDelegate.swift */,
				D1B4BFC12A5B4DB300197685 /* Main.storyboard */,
				D1B4BFC42A5B4DB500197685 /* Assets.xcassets */,
				D1B4BFC62A5B4DB500197685 /* LaunchScreen.storyboard */,
				D1B4BFC92A5B4DB500197685 /* Info.plist */,
				D1B4BFCF2A5B4DFE00197685 /* ApiService.swift */,
				D1B4BFD12A5B4E1400197685 /* HealthKitService.swift */,
				D18D70D72A5B65CD0027862B /* HealthData.swift */,
				D18D70D92A5B6D920027862B /* DailyHealthData.swift */,
				D1E1CDDB2AEEB8F9005FAE25 /* WebViewController.swift */,
			);
			path = "StepStreak-iOS";
			sourceTree = "<group>";
		};
		D1E1CDD32AEEB86A005FAE25 /* Strada */ = {
			isa = PBXGroup;
			children = (
				D1E1CDD42AEEB88F005FAE25 /* BridgeComponent+App.swift */,
				D1E1CDD62AEEB8A6005FAE25 /* SyncButtonComponent.swift */,
				D18A66632B23EE89006DE95C /* NavigationComponent.swift */,
				D1FFA2DB2B253B1E00E07C44 /* TokenComponent.swift */,
			);
			path = Strada;
			sourceTree = "<group>";
		};
/* End PBXGroup section */

/* Begin PBXNativeTarget section */
		D1B4BFB72A5B4DB300197685 /* StepStreak-iOS */ = {
			isa = PBXNativeTarget;
			buildConfigurationList = D1B4BFCC2A5B4DB500197685 /* Build configuration list for PBXNativeTarget "StepStreak-iOS" */;
			buildPhases = (
				D1B4BFB42A5B4DB300197685 /* Sources */,
				D1B4BFB52A5B4DB300197685 /* Frameworks */,
				D1B4BFB62A5B4DB300197685 /* Resources */,
			);
			buildRules = (
			);
			dependencies = (
			);
			name = "StepStreak-iOS";
			packageProductDependencies = (
				D1E1CDCD2AEEB7C2005FAE25 /* Turbo */,
				D1E1CDD02AEEB7CC005FAE25 /* Strada */,
				D1FFA2D92B253AF000E07C44 /* KeychainSwift */,
			);
			productName = "StepStreak-iOS";
			productReference = D1B4BFB82A5B4DB300197685 /* StepStreak-iOS.app */;
			productType = "com.apple.product-type.application";
		};
/* End PBXNativeTarget section */

/* Begin PBXProject section */
		D1B4BFB02A5B4DB300197685 /* Project object */ = {
			isa = PBXProject;
			attributes = {
				BuildIndependentTargetsInParallel = 1;
				LastSwiftUpdateCheck = 1420;
				LastUpgradeCheck = 1510;
				TargetAttributes = {
					D1B4BFB72A5B4DB300197685 = {
						CreatedOnToolsVersion = 14.2;
					};
				};
			};
			buildConfigurationList = D1B4BFB32A5B4DB300197685 /* Build configuration list for PBXProject "StepStreak-iOS" */;
			compatibilityVersion = "Xcode 14.0";
			developmentRegion = en;
			hasScannedForEncodings = 0;
			knownRegions = (
				en,
				Base,
			);
			mainGroup = D1B4BFAF2A5B4DB300197685;
			packageReferences = (
				D1E1CDCC2AEEB7C2005FAE25 /* XCRemoteSwiftPackageReference "turbo-ios" */,
				D1E1CDCF2AEEB7CC005FAE25 /* XCRemoteSwiftPackageReference "strada-ios" */,
				D1FFA2D82B253AF000E07C44 /* XCRemoteSwiftPackageReference "keychain-swift" */,
			);
			productRefGroup = D1B4BFB92A5B4DB300197685 /* Products */;
			projectDirPath = "";
			projectRoot = "";
			targets = (
				D1B4BFB72A5B4DB300197685 /* StepStreak-iOS */,
			);
		};
/* End PBXProject section */

/* Begin PBXResourcesBuildPhase section */
		D1B4BFB62A5B4DB300197685 /* Resources */ = {
			isa = PBXResourcesBuildPhase;
			buildActionMask = 2147483647;
			files = (
				D1B4BFC82A5B4DB500197685 /* LaunchScreen.storyboard in Resources */,
				D1B4BFC52A5B4DB500197685 /* Assets.xcassets in Resources */,
				D1B4BFC32A5B4DB300197685 /* Main.storyboard in Resources */,
			);
			runOnlyForDeploymentPostprocessing = 0;
		};
/* End PBXResourcesBuildPhase section */

/* Begin PBXSourcesBuildPhase section */
		D1B4BFB42A5B4DB300197685 /* Sources */ = {
			isa = PBXSourcesBuildPhase;
			buildActionMask = 2147483647;
			files = (
				D18A66642B23EE89006DE95C /* NavigationComponent.swift in Sources */,
				D1E1CDD52AEEB88F005FAE25 /* BridgeComponent+App.swift in Sources */,
				D18D70DA2A5B6D920027862B /* DailyHealthData.swift in Sources */,
				D1B4BFBC2A5B4DB300197685 /* AppDelegate.swift in Sources */,
				D188A6B32B268D06004DF454 /* UIColor.swift in Sources */,
				D1E1CDDA2AEEB8D1005FAE25 /* Turbo+Configuration.swift in Sources */,
				D1B4BFD02A5B4DFE00197685 /* ApiService.swift in Sources */,
				D1E1CDD72AEEB8A6005FAE25 /* SyncButtonComponent.swift in Sources */,
				D18D70D82A5B65CD0027862B /* HealthData.swift in Sources */,
				D18A665F2B23EDA3006DE95C /* UINavigationBar+Appearance.swift in Sources */,
				D1B4BFD22A5B4E1400197685 /* HealthKitService.swift in Sources */,
				D1E1CDDC2AEEB8F9005FAE25 /* WebViewController.swift in Sources */,
				D18A66622B23EE40006DE95C /* Endpoint.swift in Sources */,
				D1B4BFBE2A5B4DB300197685 /* SceneDelegate.swift in Sources */,
				D1FFA2DC2B253B1E00E07C44 /* TokenComponent.swift in Sources */,
			);
			runOnlyForDeploymentPostprocessing = 0;
		};
/* End PBXSourcesBuildPhase section */

/* Begin PBXVariantGroup section */
		D1B4BFC12A5B4DB300197685 /* Main.storyboard */ = {
			isa = PBXVariantGroup;
			children = (
				D1B4BFC22A5B4DB300197685 /* Base */,
			);
			name = Main.storyboard;
			sourceTree = "<group>";
		};
		D1B4BFC62A5B4DB500197685 /* LaunchScreen.storyboard */ = {
			isa = PBXVariantGroup;
			children = (
				D1B4BFC72A5B4DB500197685 /* Base */,
			);
			name = LaunchScreen.storyboard;
			sourceTree = "<group>";
		};
/* End PBXVariantGroup section */

/* Begin XCBuildConfiguration section */
		D1B4BFCA2A5B4DB500197685 /* Debug */ = {
			isa = XCBuildConfiguration;
			buildSettings = {
				ALWAYS_SEARCH_USER_PATHS = NO;
				CLANG_ANALYZER_NONNULL = YES;
				CLANG_ANALYZER_NUMBER_OBJECT_CONVERSION = YES_AGGRESSIVE;
				CLANG_CXX_LANGUAGE_STANDARD = "gnu++20";
				CLANG_ENABLE_MODULES = YES;
				CLANG_ENABLE_OBJC_ARC = YES;
				CLANG_ENABLE_OBJC_WEAK = YES;
				CLANG_WARN_BLOCK_CAPTURE_AUTORELEASING = YES;
				CLANG_WARN_BOOL_CONVERSION = YES;
				CLANG_WARN_COMMA = YES;
				CLANG_WARN_CONSTANT_CONVERSION = YES;
				CLANG_WARN_DEPRECATED_OBJC_IMPLEMENTATIONS = YES;
				CLANG_WARN_DIRECT_OBJC_ISA_USAGE = YES_ERROR;
				CLANG_WARN_DOCUMENTATION_COMMENTS = YES;
				CLANG_WARN_EMPTY_BODY = YES;
				CLANG_WARN_ENUM_CONVERSION = YES;
				CLANG_WARN_INFINITE_RECURSION = YES;
				CLANG_WARN_INT_CONVERSION = YES;
				CLANG_WARN_NON_LITERAL_NULL_CONVERSION = YES;
				CLANG_WARN_OBJC_IMPLICIT_RETAIN_SELF = YES;
				CLANG_WARN_OBJC_LITERAL_CONVERSION = YES;
				CLANG_WARN_OBJC_ROOT_CLASS = YES_ERROR;
				CLANG_WARN_QUOTED_INCLUDE_IN_FRAMEWORK_HEADER = YES;
				CLANG_WARN_RANGE_LOOP_ANALYSIS = YES;
				CLANG_WARN_STRICT_PROTOTYPES = YES;
				CLANG_WARN_SUSPICIOUS_MOVE = YES;
				CLANG_WARN_UNGUARDED_AVAILABILITY = YES_AGGRESSIVE;
				CLANG_WARN_UNREACHABLE_CODE = YES;
				CLANG_WARN__DUPLICATE_METHOD_MATCH = YES;
				COPY_PHASE_STRIP = NO;
				DEBUG_INFORMATION_FORMAT = dwarf;
				ENABLE_STRICT_OBJC_MSGSEND = YES;
				ENABLE_TESTABILITY = YES;
				ENABLE_USER_SCRIPT_SANDBOXING = YES;
				GCC_C_LANGUAGE_STANDARD = gnu11;
				GCC_DYNAMIC_NO_PIC = NO;
				GCC_NO_COMMON_BLOCKS = YES;
				GCC_OPTIMIZATION_LEVEL = 0;
				GCC_PREPROCESSOR_DEFINITIONS = (
					"DEBUG=1",
					"$(inherited)",
				);
				GCC_WARN_64_TO_32_BIT_CONVERSION = YES;
				GCC_WARN_ABOUT_RETURN_TYPE = YES_ERROR;
				GCC_WARN_UNDECLARED_SELECTOR = YES;
				GCC_WARN_UNINITIALIZED_AUTOS = YES_AGGRESSIVE;
				GCC_WARN_UNUSED_FUNCTION = YES;
				GCC_WARN_UNUSED_VARIABLE = YES;
				IPHONEOS_DEPLOYMENT_TARGET = 16.4;
				MTL_ENABLE_DEBUG_INFO = INCLUDE_SOURCE;
				MTL_FAST_MATH = YES;
				ONLY_ACTIVE_ARCH = YES;
				SDKROOT = iphoneos;
				SWIFT_ACTIVE_COMPILATION_CONDITIONS = DEBUG;
				SWIFT_OPTIMIZATION_LEVEL = "-Onone";
			};
			name = Debug;
		};
		D1B4BFCB2A5B4DB500197685 /* Release */ = {
			isa = XCBuildConfiguration;
			buildSettings = {
				ALWAYS_SEARCH_USER_PATHS = NO;
				CLANG_ANALYZER_NONNULL = YES;
				CLANG_ANALYZER_NUMBER_OBJECT_CONVERSION = YES_AGGRESSIVE;
				CLANG_CXX_LANGUAGE_STANDARD = "gnu++20";
				CLANG_ENABLE_MODULES = YES;
				CLANG_ENABLE_OBJC_ARC = YES;
				CLANG_ENABLE_OBJC_WEAK = YES;
				CLANG_WARN_BLOCK_CAPTURE_AUTORELEASING = YES;
				CLANG_WARN_BOOL_CONVERSION = YES;
				CLANG_WARN_COMMA = YES;
				CLANG_WARN_CONSTANT_CONVERSION = YES;
				CLANG_WARN_DEPRECATED_OBJC_IMPLEMENTATIONS = YES;
				CLANG_WARN_DIRECT_OBJC_ISA_USAGE = YES_ERROR;
				CLANG_WARN_DOCUMENTATION_COMMENTS = YES;
				CLANG_WARN_EMPTY_BODY = YES;
				CLANG_WARN_ENUM_CONVERSION = YES;
				CLANG_WARN_INFINITE_RECURSION = YES;
				CLANG_WARN_INT_CONVERSION = YES;
				CLANG_WARN_NON_LITERAL_NULL_CONVERSION = YES;
				CLANG_WARN_OBJC_IMPLICIT_RETAIN_SELF = YES;
				CLANG_WARN_OBJC_LITERAL_CONVERSION = YES;
				CLANG_WARN_OBJC_ROOT_CLASS = YES_ERROR;
				CLANG_WARN_QUOTED_INCLUDE_IN_FRAMEWORK_HEADER = YES;
				CLANG_WARN_RANGE_LOOP_ANALYSIS = YES;
				CLANG_WARN_STRICT_PROTOTYPES = YES;
				CLANG_WARN_SUSPICIOUS_MOVE = YES;
				CLANG_WARN_UNGUARDED_AVAILABILITY = YES_AGGRESSIVE;
				CLANG_WARN_UNREACHABLE_CODE = YES;
				CLANG_WARN__DUPLICATE_METHOD_MATCH = YES;
				COPY_PHASE_STRIP = NO;
				DEBUG_INFORMATION_FORMAT = "dwarf-with-dsym";
				ENABLE_NS_ASSERTIONS = NO;
				ENABLE_STRICT_OBJC_MSGSEND = YES;
				ENABLE_USER_SCRIPT_SANDBOXING = YES;
				GCC_C_LANGUAGE_STANDARD = gnu11;
				GCC_NO_COMMON_BLOCKS = YES;
				GCC_WARN_64_TO_32_BIT_CONVERSION = YES;
				GCC_WARN_ABOUT_RETURN_TYPE = YES_ERROR;
				GCC_WARN_UNDECLARED_SELECTOR = YES;
				GCC_WARN_UNINITIALIZED_AUTOS = YES_AGGRESSIVE;
				GCC_WARN_UNUSED_FUNCTION = YES;
				GCC_WARN_UNUSED_VARIABLE = YES;
				IPHONEOS_DEPLOYMENT_TARGET = 16.4;
				MTL_ENABLE_DEBUG_INFO = NO;
				MTL_FAST_MATH = YES;
				SDKROOT = iphoneos;
				SWIFT_COMPILATION_MODE = wholemodule;
				SWIFT_OPTIMIZATION_LEVEL = "-O";
				VALIDATE_PRODUCT = YES;
			};
			name = Release;
		};
		D1B4BFCD2A5B4DB500197685 /* Debug */ = {
			isa = XCBuildConfiguration;
			buildSettings = {
				ASSETCATALOG_COMPILER_APPICON_NAME = AppIcon;
				ASSETCATALOG_COMPILER_GLOBAL_ACCENT_COLOR_NAME = AccentColor;
				ASSETCATALOG_COMPILER_INCLUDE_ALL_APPICON_ASSETS = NO;
				CODE_SIGN_ENTITLEMENTS = "StepStreak-iOS/StepStreak-iOS.entitlements";
				CODE_SIGN_IDENTITY = "Apple Development";
				CODE_SIGN_STYLE = Automatic;
				CURRENT_PROJECT_VERSION = 1;
				DEVELOPMENT_TEAM = TMMCN92Z6F;
				GENERATE_INFOPLIST_FILE = YES;
				INFOPLIST_FILE = "StepStreak-iOS/Info.plist";
				INFOPLIST_KEY_CFBundleDisplayName = StepStreak;
				INFOPLIST_KEY_LSApplicationCategoryType = "public.app-category.healthcare-fitness";
				INFOPLIST_KEY_NSHealthShareUsageDescription = "StepStreak wants to access your health data (steps, distance, active calories, heart rate and resting heart rate)";
				INFOPLIST_KEY_NSHealthUpdateUsageDescription = "StepStreak asks for editing permissions but won't be using it to change your data";
				INFOPLIST_KEY_UIApplicationSupportsIndirectInputEvents = YES;
				INFOPLIST_KEY_UILaunchStoryboardName = LaunchScreen;
				INFOPLIST_KEY_UIMainStoryboardFile = Main;
				INFOPLIST_KEY_UIStatusBarStyle = UIStatusBarStyleDarkContent;
				INFOPLIST_KEY_UISupportedInterfaceOrientations = UIInterfaceOrientationPortrait;
				INFOPLIST_KEY_UISupportedInterfaceOrientations_iPad = "UIInterfaceOrientationLandscapeLeft UIInterfaceOrientationLandscapeRight UIInterfaceOrientationPortrait UIInterfaceOrientationPortraitUpsideDown";
				IPHONEOS_DEPLOYMENT_TARGET = 16.4;
				LD_RUNPATH_SEARCH_PATHS = (
					"$(inherited)",
					"@executable_path/Frameworks",
				);
				MARKETING_VERSION = 1.0;
				PRODUCT_BUNDLE_IDENTIFIER = com.stepstreak.dev;
				PRODUCT_NAME = "$(TARGET_NAME)";
				PROVISIONING_PROFILE_SPECIFIER = "";
				SUPPORTED_PLATFORMS = "iphoneos iphonesimulator";
				SUPPORTS_MACCATALYST = NO;
				SUPPORTS_MAC_DESIGNED_FOR_IPHONE_IPAD = NO;
				SWIFT_EMIT_LOC_STRINGS = YES;
				SWIFT_VERSION = 5.0;
				TARGETED_DEVICE_FAMILY = 1;
			};
			name = Debug;
		};
		D1B4BFCE2A5B4DB500197685 /* Release */ = {
			isa = XCBuildConfiguration;
			buildSettings = {
				ASSETCATALOG_COMPILER_APPICON_NAME = AppIcon;
				ASSETCATALOG_COMPILER_GLOBAL_ACCENT_COLOR_NAME = AccentColor;
				ASSETCATALOG_COMPILER_INCLUDE_ALL_APPICON_ASSETS = NO;
				CODE_SIGN_ENTITLEMENTS = "StepStreak-iOS/StepStreak-iOS.entitlements";
				CODE_SIGN_IDENTITY = "Apple Development";
				CODE_SIGN_STYLE = Automatic;
				CURRENT_PROJECT_VERSION = 1;
				DEVELOPMENT_TEAM = TMMCN92Z6F;
				GENERATE_INFOPLIST_FILE = YES;
				INFOPLIST_FILE = "StepStreak-iOS/Info.plist";
				INFOPLIST_KEY_CFBundleDisplayName = StepStreak;
				INFOPLIST_KEY_LSApplicationCategoryType = "public.app-category.healthcare-fitness";
				INFOPLIST_KEY_NSHealthShareUsageDescription = "StepStreak wants to access your health data (steps, distance, active calories, heart rate and resting heart rate)";
				INFOPLIST_KEY_NSHealthUpdateUsageDescription = "StepStreak asks for editing permissions but won't be using it to change your data";
				INFOPLIST_KEY_UIApplicationSupportsIndirectInputEvents = YES;
				INFOPLIST_KEY_UILaunchStoryboardName = LaunchScreen;
				INFOPLIST_KEY_UIMainStoryboardFile = Main;
				INFOPLIST_KEY_UIStatusBarStyle = UIStatusBarStyleDarkContent;
				INFOPLIST_KEY_UISupportedInterfaceOrientations = UIInterfaceOrientationPortrait;
				INFOPLIST_KEY_UISupportedInterfaceOrientations_iPad = "UIInterfaceOrientationLandscapeLeft UIInterfaceOrientationLandscapeRight UIInterfaceOrientationPortrait UIInterfaceOrientationPortraitUpsideDown";
				IPHONEOS_DEPLOYMENT_TARGET = 16.4;
				LD_RUNPATH_SEARCH_PATHS = (
					"$(inherited)",
					"@executable_path/Frameworks",
				);
				MARKETING_VERSION = 1.0;
				PRODUCT_BUNDLE_IDENTIFIER = com.stepstreak.dev;
				PRODUCT_NAME = "$(TARGET_NAME)";
				PROVISIONING_PROFILE_SPECIFIER = "";
				SUPPORTED_PLATFORMS = "iphoneos iphonesimulator";
				SUPPORTS_MACCATALYST = NO;
				SUPPORTS_MAC_DESIGNED_FOR_IPHONE_IPAD = NO;
				SWIFT_EMIT_LOC_STRINGS = YES;
				SWIFT_VERSION = 5.0;
				TARGETED_DEVICE_FAMILY = 1;
			};
			name = Release;
		};
/* End XCBuildConfiguration section */

/* Begin XCConfigurationList section */
		D1B4BFB32A5B4DB300197685 /* Build configuration list for PBXProject "StepStreak-iOS" */ = {
			isa = XCConfigurationList;
			buildConfigurations = (
				D1B4BFCA2A5B4DB500197685 /* Debug */,
				D1B4BFCB2A5B4DB500197685 /* Release */,
			);
			defaultConfigurationIsVisible = 0;
			defaultConfigurationName = Release;
		};
		D1B4BFCC2A5B4DB500197685 /* Build configuration list for PBXNativeTarget "StepStreak-iOS" */ = {
			isa = XCConfigurationList;
			buildConfigurations = (
				D1B4BFCD2A5B4DB500197685 /* Debug */,
				D1B4BFCE2A5B4DB500197685 /* Release */,
			);
			defaultConfigurationIsVisible = 0;
			defaultConfigurationName = Release;
		};
/* End XCConfigurationList section */

/* Begin XCRemoteSwiftPackageReference section */
		D1E1CDCC2AEEB7C2005FAE25 /* XCRemoteSwiftPackageReference "turbo-ios" */ = {
			isa = XCRemoteSwiftPackageReference;
			repositoryURL = "https://github.com/hotwired/turbo-ios";
			requirement = {
				branch = "turbo-navigator";
				kind = branch;
			};
		};
		D1E1CDCF2AEEB7CC005FAE25 /* XCRemoteSwiftPackageReference "strada-ios" */ = {
			isa = XCRemoteSwiftPackageReference;
			repositoryURL = "https://github.com/hotwired/strada-ios";
			requirement = {
				branch = "fix-redirect-issue";
				kind = branch;
			};
		};
		D1FFA2D82B253AF000E07C44 /* XCRemoteSwiftPackageReference "keychain-swift" */ = {
			isa = XCRemoteSwiftPackageReference;
			repositoryURL = "https://github.com/evgenyneu/keychain-swift.git";
			requirement = {
				kind = upToNextMajorVersion;
				minimumVersion = 20.0.0;
			};
		};
/* End XCRemoteSwiftPackageReference section */

/* Begin XCSwiftPackageProductDependency section */
		D1E1CDCD2AEEB7C2005FAE25 /* Turbo */ = {
			isa = XCSwiftPackageProductDependency;
			package = D1E1CDCC2AEEB7C2005FAE25 /* XCRemoteSwiftPackageReference "turbo-ios" */;
			productName = Turbo;
		};
		D1E1CDD02AEEB7CC005FAE25 /* Strada */ = {
			isa = XCSwiftPackageProductDependency;
			package = D1E1CDCF2AEEB7CC005FAE25 /* XCRemoteSwiftPackageReference "strada-ios" */;
			productName = Strada;
		};
		D1FFA2D92B253AF000E07C44 /* KeychainSwift */ = {
			isa = XCSwiftPackageProductDependency;
			package = D1FFA2D82B253AF000E07C44 /* XCRemoteSwiftPackageReference "keychain-swift" */;
			productName = KeychainSwift;
		};
/* End XCSwiftPackageProductDependency section */
	};
	rootObject = D1B4BFB02A5B4DB300197685 /* Project object */;
}
