{
  "originHash" : "a9818ed7d79fe4b6f3965388a69424e4ca04f3d18ec284287fbe42f3ee987dc8",
  "pins" : [
    {
      "identity" : "keychain-swift",
      "kind" : "remoteSourceControl",
      "location" : "https://github.com/evgenyneu/keychain-swift.git",
      "state" : {
        "revision" : "d108a1fa6189e661f91560548ef48651ed8d93b9",
        "version" : "20.0.0"
      }
    },
    {
      "identity" : "strada-ios",
      "kind" : "remoteSourceControl",
      "location" : "https://github.com/hotwired/strada-ios",
      "state" : {
        "revision" : "a44a86d4bab98d29cbba31446ee4834670613119",
        "version" : "1.0.0-beta2"
      }
    },
    {
      "identity" : "turbo-ios",
      "kind" : "remoteSourceControl",
      "location" : "https://github.com/hotwired/turbo-ios",
      "state" : {
        "branch" : "turbo-navigator",
        "revision" : "3ce4f977e1dc8eb5b2eeefb81a07bc344e230584"
      }
    }
  ],
  "version" : 3
}
